{
  "name": "vite-create-app",
  "version": "0.16.8-alpha",
  "lockfileVersion": 1,
  "requires": true,
  "dependencies": {
    "@types/node": {
      "version": "18.0.3",
      "dev": true
    },
    "commander": {
      "version": "9.3.0"
    },
    "ejs": {
      "version": "3.1.8",
      "requires": {
        "jake": "^10.8.5"
      },
      "dependencies": {
        "ansi-styles": {
          "version": "4.3.0",
          "resolved": "https://registry.npmjs.org/ansi-styles/-/ansi-styles-4.3.0.tgz",
          "integrity": "sha512-zbB9rCJAT1rbjiVDb2hqKFHNYLxgtk8NURxZ3IZwD3F6NtxbXZQCnnSi1Lkx+IDohdPlFp222wVALIheZJQSEg==",
          "requires": {
            "color-convert": "^2.0.1"
          }
        },
        "async": {
          "version": "3.2.4",
          "resolved": "https://registry.npmjs.org/async/-/async-3.2.4.tgz",
          "integrity": "sha512-iAB+JbDEGXhyIUavoDl9WP/Jj106Kz9DEn1DPgYw5ruDn0e3Wgi3sKFm55sASdGBNOQB8F59d9qQ7deqrHA8wQ=="
        },
        "balanced-match": {
          "version": "1.0.2",
          "resolved": "https://registry.npmjs.org/balanced-match/-/balanced-match-1.0.2.tgz",
          "integrity": "sha512-3oSeUO0TMV67hN1AmbXsK4yaqU7tjiHlbxRDZOpH0KW9+CeX4bRAaX0Anxt0tx2MrpRpWwQaPwIlISEJhYU5Pw=="
        },
        "brace-expansion": {
          "version": "2.0.1",
          "resolved": "https://registry.npmjs.org/brace-expansion/-/brace-expansion-2.0.1.tgz",
          "integrity": "sha512-XnAIvQ8eM+kC6aULx6wuQiwVsnzsi9d3WxzV3FpWTGA19F621kwdbsAcFKXgKUHZWsy+mY6iL1sHTxWEFCytDA==",
          "requires": {
            "balanced-match": "^1.0.0"
          }
        },
        "chalk": {
          "version": "4.1.2",
          "resolved": "https://registry.npmjs.org/chalk/-/chalk-4.1.2.tgz",
          "integrity": "sha512-oKnbhFyRIXpUuez8iBMmyEa4nbj4IOQyuhc/wy9kY7/WVPcwIO9VA668Pu8RkO7+0G76SLROeyw9CpQ061i4mA==",
          "requires": {
            "ansi-styles": "^4.1.0",
            "supports-color": "^7.1.0"
          }
        },
        "color-convert": {
          "version": "2.0.1",
          "resolved": "https://registry.npmjs.org/color-convert/-/color-convert-2.0.1.tgz",
          "integrity": "sha512-RRECPsj7iu/xb5oKYcsFHSppFNnsj/52OVTRKb4zP5onXwVF3zVmmToNcOfGC+CRDpfK/U584fMg38ZHCaElKQ==",
          "requires": {
            "color-name": "~1.1.4"
          }
        },
        "color-name": {
          "version": "1.1.4",
          "resolved": "https://registry.npmjs.org/color-name/-/color-name-1.1.4.tgz",
          "integrity": "sha512-dOy+3AuW3a2wNbZHIuMZpTcgjGuLU/uBL/ubcZF9OXbDo8ff4O8yVp5Bf0efS8uEoYo5q4Fx7dY9OgQGXgAsQA=="
        },
        "concat-map": {
          "version": "0.0.1",
          "resolved": "https://registry.npmjs.org/concat-map/-/concat-map-0.0.1.tgz",
          "integrity": "sha512-/Srv4dswyQNBfohGpz9o6Yb3Gz3SrUDqBH5rTuhGR7ahtlbYKnVxw2bCFMRljaA7EXHaXZ8wsHdodFvbkhKmqg=="
        },
        "filelist": {
          "version": "1.0.4",
          "resolved": "https://registry.npmjs.org/filelist/-/filelist-1.0.4.tgz",
          "integrity": "sha512-w1cEuf3S+DrLCQL7ET6kz+gmlJdbq9J7yXCSjK/OZCPA+qEN1WyF4ZAf0YYJa4/shHJra2t/d/r8SV4Ji+x+8Q==",
          "requires": {
            "minimatch": "^5.0.1"
          },
          "dependencies": {
            "minimatch": {
              "version": "5.1.0",
              "resolved": "https://registry.npmjs.org/minimatch/-/minimatch-5.1.0.tgz",
              "integrity": "sha512-9TPBGGak4nHfGZsPBohm9AWg6NoT7QTCehS3BIJABslyZbzxfV78QM2Y6+i741OPZIafFAaiiEMh5OyIrJPgtg==",
              "requires": {
                "brace-expansion": "^2.0.1"
              }
            }
          }
        },
        "has-flag": {
          "version": "4.0.0",
          "resolved": "https://registry.npmjs.org/has-flag/-/has-flag-4.0.0.tgz",
          "integrity": "sha512-EykJT/Q1KjTWctppgIAgfSO0tKVuZUjhgMr17kqTumMl6Afv3EISleU7qZUzoXDFTAHTDC4NOoG/ZxU3EvlMPQ=="
        },
        "jake": {
          "version": "10.8.5",
          "resolved": "https://registry.npmjs.org/jake/-/jake-10.8.5.tgz",
          "integrity": "sha512-sVpxYeuAhWt0OTWITwT98oyV0GsXyMlXCF+3L1SuafBVUIr/uILGRB+NqwkzhgXKvoJpDIpQvqkUALgdmQsQxw==",
          "requires": {
            "async": "^3.2.3",
            "chalk": "^4.0.2",
            "filelist": "^1.0.1",
            "minimatch": "^3.0.4"
          }
        },
        "minimatch": {
          "version": "3.1.2",
          "resolved": "https://registry.npmjs.org/minimatch/-/minimatch-3.1.2.tgz",
          "integrity": "sha512-J7p63hRiAjw1NDEww1W7i37+ByIrOWO5XQQAzZ3VOcL0PNybwpfmV/N05zFAzwQ9USyEcX6t3UO+K5aqBQOIHw==",
          "requires": {
            "brace-expansion": "^1.1.7"
          },
          "dependencies": {
            "brace-expansion": {
              "version": "1.1.11",
              "resolved": "https://registry.npmjs.org/brace-expansion/-/brace-expansion-1.1.11.tgz",
              "integrity": "sha512-iCuPHDFgrHX7H2vEI/5xpz07zSHB00TpugqhmYtVmMO6518mCuRMoOYFldEBl0g187ufozdaHgWKcYFb61qGiA==",
              "requires": {
                "balanced-match": "^1.0.0",
                "concat-map": "0.0.1"
              }
            }
          }
        },
        "supports-color": {
          "version": "7.2.0",
          "resolved": "https://registry.npmjs.org/supports-color/-/supports-color-7.2.0.tgz",
          "integrity": "sha512-qpCAvRl9stuOHveKsn7HncJRvv501qIacKzQlO/+Lwxc9+0q2wLyv4Dfvt80/DPn2pqOBsJdDiogXGR9+OvwRw==",
          "requires": {
            "has-flag": "^4.0.0"
          }
        }
      }
    },
    "figlet": {
      "version": "1.5.2"
    },
    "fs-extra": {
      "version": "10.1.0",
      "requires": {
        "graceful-fs": "^4.2.0",
        "jsonfile": "^6.0.1",
        "universalify": "^2.0.0"
      },
      "dependencies": {
        "graceful-fs": {
          "version": "4.2.10",
          "resolved": "https://registry.npmjs.org/graceful-fs/-/graceful-fs-4.2.10.tgz",
          "integrity": "sha512-9ByhssR2fPVsNZj478qUUbKfmL0+t5BDVyjShtyZZLiK7ZDAArFFfopyOTj0M05wE2tJPisA4iTnnXl2YoPvOA=="
        },
        "jsonfile": {
          "version": "6.1.0",
          "resolved": "https://registry.npmjs.org/jsonfile/-/jsonfile-6.1.0.tgz",
          "integrity": "sha512-5dgndWOriYSm5cnYaJNhalLNDKOqFwyDB/rr1E9ZsGciGvKPs8R2xYGCacuf3z6K1YKDz182fd+fY3cn3pMqXQ==",
          "requires": {
            "graceful-fs": "^4.1.6",
            "universalify": "^2.0.0"
          }
        },
        "universalify": {
          "version": "2.0.0",
          "resolved": "https://registry.npmjs.org/universalify/-/universalify-2.0.0.tgz",
          "integrity": "sha512-hAZsKq7Yy11Zu1DE0OzWjw7nnLZmJZYTDZZyEFHZdUhV8FkH5MCfoU1XMaxXovpyW5nq5scPqq0ZDP9Zyl04oQ=="
        }
      }
    },
    "gradient-string": {
      "version": "2.0.1",
      "requires": {
        "chalk": "^4.1.2",
        "tinygradient": "^1.1.5"
      },
      "dependencies": {
        "@types/tinycolor2": {
          "version": "1.4.3",
          "resolved": "https://registry.npmjs.org/@types/tinycolor2/-/tinycolor2-1.4.3.tgz",
          "integrity": "sha512-Kf1w9NE5HEgGxCRyIcRXR/ZYtDv0V8FVPtYHwLxl0O+maGX0erE77pQlD0gpP+/KByMZ87mOA79SjifhSB3PjQ=="
        },
        "ansi-styles": {
          "version": "4.3.0",
          "resolved": "https://registry.npmjs.org/ansi-styles/-/ansi-styles-4.3.0.tgz",
          "integrity": "sha512-zbB9rCJAT1rbjiVDb2hqKFHNYLxgtk8NURxZ3IZwD3F6NtxbXZQCnnSi1Lkx+IDohdPlFp222wVALIheZJQSEg==",
          "requires": {
            "color-convert": "^2.0.1"
          }
        },
        "chalk": {
          "version": "4.1.2",
          "resolved": "https://registry.npmjs.org/chalk/-/chalk-4.1.2.tgz",
          "integrity": "sha512-oKnbhFyRIXpUuez8iBMmyEa4nbj4IOQyuhc/wy9kY7/WVPcwIO9VA668Pu8RkO7+0G76SLROeyw9CpQ061i4mA==",
          "requires": {
            "ansi-styles": "^4.1.0",
            "supports-color": "^7.1.0"
          }
        },
        "color-convert": {
          "version": "2.0.1",
          "resolved": "https://registry.npmjs.org/color-convert/-/color-convert-2.0.1.tgz",
          "integrity": "sha512-RRECPsj7iu/xb5oKYcsFHSppFNnsj/52OVTRKb4zP5onXwVF3zVmmToNcOfGC+CRDpfK/U584fMg38ZHCaElKQ==",
          "requires": {
            "color-name": "~1.1.4"
          }
        },
        "color-name": {
          "version": "1.1.4",
          "resolved": "https://registry.npmjs.org/color-name/-/color-name-1.1.4.tgz",
          "integrity": "sha512-dOy+3AuW3a2wNbZHIuMZpTcgjGuLU/uBL/ubcZF9OXbDo8ff4O8yVp5Bf0efS8uEoYo5q4Fx7dY9OgQGXgAsQA=="
        },
        "has-flag": {
          "version": "4.0.0",
          "resolved": "https://registry.npmjs.org/has-flag/-/has-flag-4.0.0.tgz",
          "integrity": "sha512-EykJT/Q1KjTWctppgIAgfSO0tKVuZUjhgMr17kqTumMl6Afv3EISleU7qZUzoXDFTAHTDC4NOoG/ZxU3EvlMPQ=="
        },
        "supports-color": {
          "version": "7.2.0",
          "resolved": "https://registry.npmjs.org/supports-color/-/supports-color-7.2.0.tgz",
          "integrity": "sha512-qpCAvRl9stuOHveKsn7HncJRvv501qIacKzQlO/+Lwxc9+0q2wLyv4Dfvt80/DPn2pqOBsJdDiogXGR9+OvwRw==",
          "requires": {
            "has-flag": "^4.0.0"
          }
        },
        "tinycolor2": {
          "version": "1.4.2",
          "resolved": "https://registry.npmjs.org/tinycolor2/-/tinycolor2-1.4.2.tgz",
          "integrity": "sha512-vJhccZPs965sV/L2sU4oRQVAos0pQXwsvTLkWYdqJ+a8Q5kPFzJTuOFwy7UniPli44NKQGAglksjvOcpo95aZA=="
        },
        "tinygradient": {
          "version": "1.1.5",
          "resolved": "https://registry.npmjs.org/tinygradient/-/tinygradient-1.1.5.tgz",
          "integrity": "sha512-8nIfc2vgQ4TeLnk2lFj4tRLvvJwEfQuabdsmvDdQPT0xlk9TaNtpGd6nNRxXoK6vQhN6RSzj+Cnp5tTQmpxmbw==",
          "requires": {
            "@types/tinycolor2": "^1.4.0",
            "tinycolor2": "^1.0.0"
          }
        }
      }
    },
    "kolorist": {
      "version": "1.5.1"
    },
    "prettier": {
      "version": "2.7.1",
      "resolved": "https://registry.npmmirror.com/prettier/-/prettier-2.7.1.tgz",
      "integrity": "sha512-ujppO+MkdPqoVINuDFDRLClm7D78qbDt0/NR+wp5FqEZOoTNAjPHWj17QRhu7geIHJfcNhRk1XVQmF8Bp3ye+g=="
    },
    "prompts": {
      "version": "2.4.2",
      "requires": {
        "kleur": "^3.0.3",
        "sisteransi": "^1.0.5"
      },
      "dependencies": {
        "kleur": {
          "version": "3.0.3",
          "resolved": "https://registry.npmjs.org/kleur/-/kleur-3.0.3.tgz",
          "integrity": "sha512-eTIzlVOSUR+JxdDFepEYcBMtZ9Qqdef+rnzWdRZuMbOywu5tO2w2N7rqjoANZ5k9vywhL6Br1VRjUIgTQx4E8w=="
        },
        "sisteransi": {
          "version": "1.0.5",
          "resolved": "https://registry.npmjs.org/sisteransi/-/sisteransi-1.0.5.tgz",
          "integrity": "sha512-bLGGlR1QxBcynn2d5YmDX4MGjlZvy2MRBDRNHLJ8VI6l6+9FUiyTFNJ0IveOSP0bcXgVDPRcfGqA0pjaqUpfVg=="
        }
      }
    },
    "ts-node-dev": {
      "version": "2.0.0",
      "dev": true,
      "requires": {
        "chokidar": "^3.5.1",
        "dynamic-dedupe": "^0.3.0",
        "minimist": "^1.2.6",
        "mkdirp": "^1.0.4",
        "resolve": "^1.0.0",
        "rimraf": "^2.6.1",
        "source-map-support": "^0.5.12",
        "tree-kill": "^1.2.2",
        "ts-node": "^10.4.0",
        "tsconfig": "^7.0.0"
      },
      "dependencies": {
        "@cspotcode/source-map-support": {
          "version": "0.8.1",
          "resolved": "https://registry.npmjs.org/@cspotcode/source-map-support/-/source-map-support-0.8.1.tgz",
          "integrity": "sha512-IchNf6dN4tHoMFIn/7OE8LWZ19Y6q/67Bmf6vnGREv8RSbBVb9LPJxEcnwrcwX6ixSvaiGoomAUvu4YSxXrVgw==",
          "dev": true,
          "requires": {
            "@jridgewell/trace-mapping": "0.3.9"
          }
        },
        "@jridgewell/resolve-uri": {
          "version": "3.1.0",
          "resolved": "https://registry.npmjs.org/@jridgewell/resolve-uri/-/resolve-uri-3.1.0.tgz",
          "integrity": "sha512-F2msla3tad+Mfht5cJq7LSXcdudKTWCVYUgw6pLFOOHSTtZlj6SWNYAp+AhuqLmWdBO2X5hPrLcu8cVP8fy28w==",
          "dev": true
        },
        "@jridgewell/sourcemap-codec": {
          "version": "1.4.14",
          "resolved": "https://registry.npmjs.org/@jridgewell/sourcemap-codec/-/sourcemap-codec-1.4.14.tgz",
          "integrity": "sha512-XPSJHWmi394fuUuzDnGz1wiKqWfo1yXecHQMRf2l6hztTO+nPru658AyDngaBe7isIxEkRsPR3FZh+s7iVa4Uw==",
          "dev": true
        },
        "@jridgewell/trace-mapping": {
          "version": "0.3.9",
          "resolved": "https://registry.npmjs.org/@jridgewell/trace-mapping/-/trace-mapping-0.3.9.tgz",
          "integrity": "sha512-3Belt6tdc8bPgAtbcmdtNJlirVoTmEb5e2gC94PnkwEW9jI6CAHUeoG85tjWP5WquqfavoMtMwiG4P926ZKKuQ==",
          "dev": true,
          "requires": {
            "@jridgewell/resolve-uri": "^3.0.3",
            "@jridgewell/sourcemap-codec": "^1.4.10"
          }
        },
        "@tsconfig/node10": {
          "version": "1.0.9",
          "resolved": "https://registry.npmjs.org/@tsconfig/node10/-/node10-1.0.9.tgz",
          "integrity": "sha512-jNsYVVxU8v5g43Erja32laIDHXeoNvFEpX33OK4d6hljo3jDhCBDhx5dhCCTMWUojscpAagGiRkBKxpdl9fxqA==",
          "dev": true
        },
        "@tsconfig/node12": {
          "version": "1.0.11",
          "resolved": "https://registry.npmjs.org/@tsconfig/node12/-/node12-1.0.11.tgz",
          "integrity": "sha512-cqefuRsh12pWyGsIoBKJA9luFu3mRxCA+ORZvA4ktLSzIuCUtWVxGIuXigEwO5/ywWFMZ2QEGKWvkZG1zDMTag==",
          "dev": true
        },
        "@tsconfig/node14": {
          "version": "1.0.3",
          "resolved": "https://registry.npmjs.org/@tsconfig/node14/-/node14-1.0.3.tgz",
          "integrity": "sha512-ysT8mhdixWK6Hw3i1V2AeRqZ5WfXg1G43mqoYlM2nc6388Fq5jcXyr5mRsqViLx/GJYdoL0bfXD8nmF+Zn/Iow==",
          "dev": true
        },
        "@tsconfig/node16": {
          "version": "1.0.3",
          "resolved": "https://registry.npmjs.org/@tsconfig/node16/-/node16-1.0.3.tgz",
          "integrity": "sha512-yOlFc+7UtL/89t2ZhjPvvB/DeAr3r+Dq58IgzsFkOAvVC6NMJXmCGjbptdXdR9qsX7pKcTL+s87FtYREi2dEEQ==",
          "dev": true
        },
        "@types/strip-bom": {
          "version": "3.0.0",
          "resolved": "https://registry.npmjs.org/@types/strip-bom/-/strip-bom-3.0.0.tgz",
          "integrity": "sha512-xevGOReSYGM7g/kUBZzPqCrR/KYAo+F0yiPc85WFTJa0MSLtyFTVTU6cJu/aV4mid7IffDIWqo69THF2o4JiEQ==",
          "dev": true
        },
        "@types/strip-json-comments": {
          "version": "0.0.30",
          "resolved": "https://registry.npmjs.org/@types/strip-json-comments/-/strip-json-comments-0.0.30.tgz",
          "integrity": "sha512-7NQmHra/JILCd1QqpSzl8+mJRc8ZHz3uDm8YV1Ks9IhK0epEiTw8aIErbvH9PI+6XbqhyIQy3462nEsn7UVzjQ==",
          "dev": true
        },
        "acorn": {
          "version": "8.8.0",
          "resolved": "https://registry.npmjs.org/acorn/-/acorn-8.8.0.tgz",
          "integrity": "sha512-QOxyigPVrpZ2GXT+PFyZTl6TtOFc5egxHIP9IlQ+RbupQuX4RkT/Bee4/kQuC02Xkzg84JcT7oLYtDIQxp+v7w==",
          "dev": true
        },
        "acorn-walk": {
          "version": "8.2.0",
          "resolved": "https://registry.npmjs.org/acorn-walk/-/acorn-walk-8.2.0.tgz",
          "integrity": "sha512-k+iyHEuPgSw6SbuDpGQM+06HQUa04DZ3o+F6CSzXMvvI5KMvnaEqXe+YVe555R9nn6GPt404fos4wcgpw12SDA==",
          "dev": true
        },
        "anymatch": {
          "version": "3.1.2",
          "resolved": "https://registry.npmjs.org/anymatch/-/anymatch-3.1.2.tgz",
          "integrity": "sha512-P43ePfOAIupkguHUycrc4qJ9kz8ZiuOUijaETwX7THt0Y/GNK7v0aa8rY816xWjZ7rJdA5XdMcpVFTKMq+RvWg==",
          "dev": true,
          "requires": {
            "normalize-path": "^3.0.0",
            "picomatch": "^2.0.4"
          }
        },
        "arg": {
          "version": "4.1.3",
          "resolved": "https://registry.npmjs.org/arg/-/arg-4.1.3.tgz",
          "integrity": "sha512-58S9QDqG0Xx27YwPSt9fJxivjYl432YCwfDMfZ+71RAqUrZef7LrKQZ3LHLOwCS4FLNBplP533Zx895SeOCHvA==",
          "dev": true
        },
        "balanced-match": {
          "version": "1.0.2",
          "resolved": "https://registry.npmjs.org/balanced-match/-/balanced-match-1.0.2.tgz",
          "integrity": "sha512-3oSeUO0TMV67hN1AmbXsK4yaqU7tjiHlbxRDZOpH0KW9+CeX4bRAaX0Anxt0tx2MrpRpWwQaPwIlISEJhYU5Pw==",
          "dev": true
        },
        "binary-extensions": {
          "version": "2.2.0",
          "resolved": "https://registry.npmjs.org/binary-extensions/-/binary-extensions-2.2.0.tgz",
          "integrity": "sha512-jDctJ/IVQbZoJykoeHbhXpOlNBqGNcwXJKJog42E5HDPUwQTSdjCHdihjj0DlnheQ7blbT6dHOafNAiS8ooQKA==",
          "dev": true
        },
        "brace-expansion": {
          "version": "1.1.11",
          "resolved": "https://registry.npmjs.org/brace-expansion/-/brace-expansion-1.1.11.tgz",
          "integrity": "sha512-iCuPHDFgrHX7H2vEI/5xpz07zSHB00TpugqhmYtVmMO6518mCuRMoOYFldEBl0g187ufozdaHgWKcYFb61qGiA==",
          "dev": true,
          "requires": {
            "balanced-match": "^1.0.0",
            "concat-map": "0.0.1"
          }
        },
        "braces": {
          "version": "3.0.2",
          "resolved": "https://registry.npmjs.org/braces/-/braces-3.0.2.tgz",
          "integrity": "sha512-b8um+L1RzM3WDSzvhm6gIz1yfTbBt6YTlcEKAvsmqCZZFw46z626lVj9j1yEPW33H5H+lBQpZMP1k8l+78Ha0A==",
          "dev": true,
          "requires": {
            "fill-range": "^7.0.1"
          }
        },
        "buffer-from": {
          "version": "1.1.2",
          "resolved": "https://registry.npmjs.org/buffer-from/-/buffer-from-1.1.2.tgz",
          "integrity": "sha512-E+XQCRwSbaaiChtv6k6Dwgc+bx+Bs6vuKJHHl5kox/BaKbhiXzqQOwK4cO22yElGp2OCmjwVhT3HmxgyPGnJfQ==",
          "dev": true
        },
        "chokidar": {
          "version": "3.5.3",
          "resolved": "https://registry.npmjs.org/chokidar/-/chokidar-3.5.3.tgz",
          "integrity": "sha512-Dr3sfKRP6oTcjf2JmUmFJfeVMvXBdegxB0iVQ5eb2V10uFJUCAS8OByZdVAyVb8xXNz3GjjTgj9kLWsZTqE6kw==",
          "dev": true,
          "requires": {
            "anymatch": "~3.1.2",
            "braces": "~3.0.2",
            "fsevents": "~2.3.2",
            "glob-parent": "~5.1.2",
            "is-binary-path": "~2.1.0",
            "is-glob": "~4.0.1",
            "normalize-path": "~3.0.0",
            "readdirp": "~3.6.0"
          }
        },
        "concat-map": {
          "version": "0.0.1",
          "resolved": "https://registry.npmjs.org/concat-map/-/concat-map-0.0.1.tgz",
          "integrity": "sha512-/Srv4dswyQNBfohGpz9o6Yb3Gz3SrUDqBH5rTuhGR7ahtlbYKnVxw2bCFMRljaA7EXHaXZ8wsHdodFvbkhKmqg==",
          "dev": true
        },
        "create-require": {
          "version": "1.1.1",
          "resolved": "https://registry.npmjs.org/create-require/-/create-require-1.1.1.tgz",
          "integrity": "sha512-dcKFX3jn0MpIaXjisoRvexIJVEKzaq7z2rZKxf+MSr9TkdmHmsU4m2lcLojrj/FHl8mk5VxMmYA+ftRkP/3oKQ==",
          "dev": true
        },
        "diff": {
          "version": "4.0.2",
          "resolved": "https://registry.npmjs.org/diff/-/diff-4.0.2.tgz",
          "integrity": "sha512-58lmxKSA4BNyLz+HHMUzlOEpg09FV+ev6ZMe3vJihgdxzgcwZ8VoEEPmALCZG9LmqfVoNMMKpttIYTVG6uDY7A==",
          "dev": true
        },
        "dynamic-dedupe": {
          "version": "0.3.0",
          "resolved": "https://registry.npmjs.org/dynamic-dedupe/-/dynamic-dedupe-0.3.0.tgz",
          "integrity": "sha512-ssuANeD+z97meYOqd50e04Ze5qp4bPqo8cCkI4TRjZkzAUgIDTrXV1R8QCdINpiI+hw14+rYazvTRdQrz0/rFQ==",
          "dev": true,
          "requires": {
            "xtend": "^4.0.0"
          }
        },
        "fill-range": {
          "version": "7.0.1",
          "resolved": "https://registry.npmjs.org/fill-range/-/fill-range-7.0.1.tgz",
          "integrity": "sha512-qOo9F+dMUmC2Lcb4BbVvnKJxTPjCm+RRpe4gDuGrzkL7mEVl/djYSu2OdQ2Pa302N4oqkSg9ir6jaLWJ2USVpQ==",
          "dev": true,
          "requires": {
            "to-regex-range": "^5.0.1"
          }
        },
        "fs.realpath": {
          "version": "1.0.0",
          "resolved": "https://registry.npmjs.org/fs.realpath/-/fs.realpath-1.0.0.tgz",
          "integrity": "sha512-OO0pH2lK6a0hZnAdau5ItzHPI6pUlvI7jMVnxUQRtw4owF2wk8lOSabtGDCTP4Ggrg2MbGnWO9X8K1t4+fGMDw==",
          "dev": true
        },
        "fsevents": {
          "version": "2.3.2",
          "resolved": "https://registry.npmmirror.com/fsevents/-/fsevents-2.3.2.tgz",
          "integrity": "sha512-xiqMQR4xAeHTuB9uWm+fFRcIOgKBMiOBP+eXiyT7jsgVCq1bkVygt00oASowB7EdtpOHaaPgKt812P9ab+DDKA==",
          "dev": true,
          "optional": true
        },
        "function-bind": {
          "version": "1.1.1",
          "resolved": "https://registry.npmjs.org/function-bind/-/function-bind-1.1.1.tgz",
          "integrity": "sha512-yIovAzMX49sF8Yl58fSCWJ5svSLuaibPxXQJFLmBObTuCr0Mf1KiPopGM9NiFjiYBCbfaa2Fh6breQ6ANVTI0A==",
          "dev": true
        },
        "glob": {
          "version": "7.2.3",
          "resolved": "https://registry.npmjs.org/glob/-/glob-7.2.3.tgz",
          "integrity": "sha512-nFR0zLpU2YCaRxwoCJvL6UvCH2JFyFVIvwTLsIf21AuHlMskA1hhTdk+LlYJtOlYt9v6dvszD2BGRqBL+iQK9Q==",
          "dev": true,
          "requires": {
            "fs.realpath": "^1.0.0",
            "inflight": "^1.0.4",
            "inherits": "2",
            "minimatch": "^3.1.1",
            "once": "^1.3.0",
            "path-is-absolute": "^1.0.0"
          }
        },
        "glob-parent": {
          "version": "5.1.2",
          "resolved": "https://registry.npmjs.org/glob-parent/-/glob-parent-5.1.2.tgz",
          "integrity": "sha512-AOIgSQCepiJYwP3ARnGx+5VnTu2HBYdzbGP45eLw1vr3zB3vZLeyed1sC9hnbcOc9/SrMyM5RPQrkGz4aS9Zow==",
          "dev": true,
          "requires": {
            "is-glob": "^4.0.1"
          }
        },
        "has": {
          "version": "1.0.3",
          "resolved": "https://registry.npmjs.org/has/-/has-1.0.3.tgz",
          "integrity": "sha512-f2dvO0VU6Oej7RkWJGrehjbzMAjFp5/VKPp5tTpWIV4JHHZK1/BxbFRtf/siA2SWTe09caDmVtYYzWEIbBS4zw==",
          "dev": true,
          "requires": {
            "function-bind": "^1.1.1"
          }
        },
        "inflight": {
          "version": "1.0.6",
          "resolved": "https://registry.npmjs.org/inflight/-/inflight-1.0.6.tgz",
          "integrity": "sha512-k92I/b08q4wvFscXCLvqfsHCrjrF7yiXsQuIVvVE7N82W3+aqpzuUdBbfhWcy/FZR3/4IgflMgKLOsvPDrGCJA==",
          "dev": true,
          "requires": {
            "once": "^1.3.0",
            "wrappy": "1"
          }
        },
        "inherits": {
          "version": "2.0.4",
          "resolved": "https://registry.npmjs.org/inherits/-/inherits-2.0.4.tgz",
          "integrity": "sha512-k/vGaX4/Yla3WzyMCvTQOXYeIHvqOKtnqBduzTHpzpQZzAskKMhZ2K+EnBiSM9zGSoIFeMpXKxa4dYeZIQqewQ==",
          "dev": true
        },
        "is-binary-path": {
          "version": "2.1.0",
          "resolved": "https://registry.npmjs.org/is-binary-path/-/is-binary-path-2.1.0.tgz",
          "integrity": "sha512-ZMERYes6pDydyuGidse7OsHxtbI7WVeUEozgR/g7rd0xUimYNlvZRE/K2MgZTjWy725IfelLeVcEM97mmtRGXw==",
          "dev": true,
          "requires": {
            "binary-extensions": "^2.0.0"
          }
        },
        "is-core-module": {
          "version": "2.9.0",
          "resolved": "https://registry.npmjs.org/is-core-module/-/is-core-module-2.9.0.tgz",
          "integrity": "sha512-+5FPy5PnwmO3lvfMb0AsoPaBG+5KHUI0wYFXOtYPnVVVspTFUuMZNfNaNVRt3FZadstu2c8x23vykRW/NBoU6A==",
          "dev": true,
          "requires": {
            "has": "^1.0.3"
          }
        },
        "is-extglob": {
          "version": "2.1.1",
          "resolved": "https://registry.npmjs.org/is-extglob/-/is-extglob-2.1.1.tgz",
          "integrity": "sha512-SbKbANkN603Vi4jEZv49LeVJMn4yGwsbzZworEoyEiutsN3nJYdbO36zfhGJ6QEDpOZIFkDtnq5JRxmvl3jsoQ==",
          "dev": true
        },
        "is-glob": {
          "version": "4.0.3",
          "resolved": "https://registry.npmjs.org/is-glob/-/is-glob-4.0.3.tgz",
          "integrity": "sha512-xelSayHH36ZgE7ZWhli7pW34hNbNl8Ojv5KVmkJD4hBdD3th8Tfk9vYasLM+mXWOZhFkgZfxhLSnrwRr4elSSg==",
          "dev": true,
          "requires": {
            "is-extglob": "^2.1.1"
          }
        },
        "is-number": {
          "version": "7.0.0",
          "resolved": "https://registry.npmjs.org/is-number/-/is-number-7.0.0.tgz",
          "integrity": "sha512-41Cifkg6e8TylSpdtTpeLVMqvSBEVzTttHvERD741+pnZ8ANv0004MRL43QKPDlK9cGvNp6NZWZUBlbGXYxxng==",
          "dev": true
        },
        "make-error": {
          "version": "1.3.6",
          "resolved": "https://registry.npmjs.org/make-error/-/make-error-1.3.6.tgz",
          "integrity": "sha512-s8UhlNe7vPKomQhC1qFelMokr/Sc3AgNbso3n74mVPA5LTZwkB9NlXf4XPamLxJE8h0gh73rM94xvwRT2CVInw==",
          "dev": true
        },
        "minimatch": {
          "version": "3.1.2",
          "resolved": "https://registry.npmjs.org/minimatch/-/minimatch-3.1.2.tgz",
          "integrity": "sha512-J7p63hRiAjw1NDEww1W7i37+ByIrOWO5XQQAzZ3VOcL0PNybwpfmV/N05zFAzwQ9USyEcX6t3UO+K5aqBQOIHw==",
          "dev": true,
          "requires": {
            "brace-expansion": "^1.1.7"
          }
        },
        "minimist": {
          "version": "1.2.6",
          "resolved": "https://registry.npmjs.org/minimist/-/minimist-1.2.6.tgz",
          "integrity": "sha512-Jsjnk4bw3YJqYzbdyBiNsPWHPfO++UGG749Cxs6peCu5Xg4nrena6OVxOYxrQTqww0Jmwt+Ref8rggumkTLz9Q==",
          "dev": true
        },
        "mkdirp": {
          "version": "1.0.4",
          "resolved": "https://registry.npmjs.org/mkdirp/-/mkdirp-1.0.4.tgz",
          "integrity": "sha512-vVqVZQyf3WLx2Shd0qJ9xuvqgAyKPLAiqITEtqW0oIUjzo3PePDd6fW9iFz30ef7Ysp/oiWqbhszeGWW2T6Gzw==",
          "dev": true
        },
        "normalize-path": {
          "version": "3.0.0",
          "resolved": "https://registry.npmjs.org/normalize-path/-/normalize-path-3.0.0.tgz",
          "integrity": "sha512-6eZs5Ls3WtCisHWp9S2GUy8dqkpGi4BVSz3GaqiE6ezub0512ESztXUwUB6C6IKbQkY2Pnb/mD4WYojCRwcwLA==",
          "dev": true
        },
        "once": {
          "version": "1.4.0",
          "resolved": "https://registry.npmjs.org/once/-/once-1.4.0.tgz",
          "integrity": "sha512-lNaJgI+2Q5URQBkccEKHTQOPaXdUxnZZElQTZY0MFUAuaEqe1E+Nyvgdz/aIyNi6Z9MzO5dv1H8n58/GELp3+w==",
          "dev": true,
          "requires": {
            "wrappy": "1"
          }
        },
        "path-is-absolute": {
          "version": "1.0.1",
          "resolved": "https://registry.npmjs.org/path-is-absolute/-/path-is-absolute-1.0.1.tgz",
          "integrity": "sha512-AVbw3UJ2e9bq64vSaS9Am0fje1Pa8pbGqTTsmXfaIiMpnr5DlDhfJOuLj9Sf95ZPVDAUerDfEk88MPmPe7UCQg==",
          "dev": true
        },
        "path-parse": {
          "version": "1.0.7",
          "resolved": "https://registry.npmjs.org/path-parse/-/path-parse-1.0.7.tgz",
          "integrity": "sha512-LDJzPVEEEPR+y48z93A0Ed0yXb8pAByGWo/k5YYdYgpY2/2EsOsksJrq7lOHxryrVOn1ejG6oAp8ahvOIQD8sw==",
          "dev": true
        },
        "picomatch": {
          "version": "2.3.1",
          "resolved": "https://registry.npmjs.org/picomatch/-/picomatch-2.3.1.tgz",
          "integrity": "sha512-JU3teHTNjmE2VCGFzuY8EXzCDVwEqB2a8fsIvwaStHhAWJEeVd1o1QD80CU6+ZdEXXSLbSsuLwJjkCBWqRQUVA==",
          "dev": true
        },
        "readdirp": {
          "version": "3.6.0",
          "resolved": "https://registry.npmjs.org/readdirp/-/readdirp-3.6.0.tgz",
          "integrity": "sha512-hOS089on8RduqdbhvQ5Z37A0ESjsqz6qnRcffsMU3495FuTdqSm+7bhJ29JvIOsBDEEnan5DPu9t3To9VRlMzA==",
          "dev": true,
          "requires": {
            "picomatch": "^2.2.1"
          }
        },
        "resolve": {
          "version": "1.22.1",
          "resolved": "https://registry.npmjs.org/resolve/-/resolve-1.22.1.tgz",
          "integrity": "sha512-nBpuuYuY5jFsli/JIs1oldw6fOQCBioohqWZg/2hiaOybXOft4lonv85uDOKXdf8rhyK159cxU5cDcK/NKk8zw==",
          "dev": true,
          "requires": {
            "is-core-module": "^2.9.0",
            "path-parse": "^1.0.7",
            "supports-preserve-symlinks-flag": "^1.0.0"
          }
        },
        "rimraf": {
          "version": "2.7.1",
          "resolved": "https://registry.npmjs.org/rimraf/-/rimraf-2.7.1.tgz",
          "integrity": "sha512-uWjbaKIK3T1OSVptzX7Nl6PvQ3qAGtKEtVRjRuazjfL3Bx5eI409VZSqgND+4UNnmzLVdPj9FqFJNPqBZFve4w==",
          "dev": true,
          "requires": {
            "glob": "^7.1.3"
          }
        },
        "source-map": {
          "version": "0.6.1",
          "resolved": "https://registry.npmjs.org/source-map/-/source-map-0.6.1.tgz",
          "integrity": "sha512-UjgapumWlbMhkBgzT7Ykc5YXUT46F0iKu8SGXq0bcwP5dz/h0Plj6enJqjz1Zbq2l5WaqYnrVbwWOWMyF3F47g==",
          "dev": true
        },
        "source-map-support": {
          "version": "0.5.21",
          "resolved": "https://registry.npmjs.org/source-map-support/-/source-map-support-0.5.21.tgz",
          "integrity": "sha512-uBHU3L3czsIyYXKX88fdrGovxdSCoTGDRZ6SYXtSRxLZUzHg5P/66Ht6uoUlHu9EZod+inXhKo3qQgwXUT/y1w==",
          "dev": true,
          "requires": {
            "buffer-from": "^1.0.0",
            "source-map": "^0.6.0"
          }
        },
        "strip-bom": {
          "version": "3.0.0",
          "resolved": "https://registry.npmjs.org/strip-bom/-/strip-bom-3.0.0.tgz",
          "integrity": "sha512-vavAMRXOgBVNF6nyEEmL3DBK19iRpDcoIwW+swQ+CbGiu7lju6t+JklA1MHweoWtadgt4ISVUsXLyDq34ddcwA==",
          "dev": true
        },
        "strip-json-comments": {
          "version": "2.0.1",
          "resolved": "https://registry.npmjs.org/strip-json-comments/-/strip-json-comments-2.0.1.tgz",
          "integrity": "sha512-4gB8na07fecVVkOI6Rs4e7T6NOTki5EmL7TUduTs6bu3EdnSycntVJ4re8kgZA+wx9IueI2Y11bfbgwtzuE0KQ==",
          "dev": true
        },
        "supports-preserve-symlinks-flag": {
          "version": "1.0.0",
          "resolved": "https://registry.npmjs.org/supports-preserve-symlinks-flag/-/supports-preserve-symlinks-flag-1.0.0.tgz",
          "integrity": "sha512-ot0WnXS9fgdkgIcePe6RHNk1WA8+muPa6cSjeR3V8K27q9BB1rTE3R1p7Hv0z1ZyAc8s6Vvv8DIyWf681MAt0w==",
          "dev": true
        },
        "to-regex-range": {
          "version": "5.0.1",
          "resolved": "https://registry.npmjs.org/to-regex-range/-/to-regex-range-5.0.1.tgz",
          "integrity": "sha512-65P7iz6X5yEr1cwcgvQxbbIw7Uk3gOy5dIdtZ4rDveLqhrdJP+Li/Hx6tyK0NEb+2GCyneCMJiGqrADCSNk8sQ==",
          "dev": true,
          "requires": {
            "is-number": "^7.0.0"
          }
        },
        "tree-kill": {
          "version": "1.2.2",
          "resolved": "https://registry.npmjs.org/tree-kill/-/tree-kill-1.2.2.tgz",
          "integrity": "sha512-L0Orpi8qGpRG//Nd+H90vFB+3iHnue1zSSGmNOOCh1GLJ7rUKVwV2HvijphGQS2UmhUZewS9VgvxYIdgr+fG1A==",
          "dev": true
        },
        "ts-node": {
          "version": "10.9.1",
          "resolved": "https://registry.npmjs.org/ts-node/-/ts-node-10.9.1.tgz",
          "integrity": "sha512-NtVysVPkxxrwFGUUxGYhfux8k78pQB3JqYBXlLRZgdGUqTO5wU/UyHop5p70iEbGhB7q5KmiZiU0Y3KlJrScEw==",
          "dev": true,
          "requires": {
            "@cspotcode/source-map-support": "^0.8.0",
            "@tsconfig/node10": "^1.0.7",
            "@tsconfig/node12": "^1.0.7",
            "@tsconfig/node14": "^1.0.0",
            "@tsconfig/node16": "^1.0.2",
            "acorn": "^8.4.1",
            "acorn-walk": "^8.1.1",
            "arg": "^4.1.0",
            "create-require": "^1.1.0",
            "diff": "^4.0.1",
            "make-error": "^1.1.1",
            "v8-compile-cache-lib": "^3.0.1",
            "yn": "3.1.1"
          }
        },
        "tsconfig": {
          "version": "7.0.0",
          "resolved": "https://registry.npmjs.org/tsconfig/-/tsconfig-7.0.0.tgz",
          "integrity": "sha512-vZXmzPrL+EmC4T/4rVlT2jNVMWCi/O4DIiSj3UHg1OE5kCKbk4mfrXc6dZksLgRM/TZlKnousKH9bbTazUWRRw==",
          "dev": true,
          "requires": {
            "@types/strip-bom": "^3.0.0",
            "@types/strip-json-comments": "0.0.30",
            "strip-bom": "^3.0.0",
            "strip-json-comments": "^2.0.0"
          }
        },
        "v8-compile-cache-lib": {
          "version": "3.0.1",
          "resolved": "https://registry.npmjs.org/v8-compile-cache-lib/-/v8-compile-cache-lib-3.0.1.tgz",
          "integrity": "sha512-wa7YjyUGfNZngI/vtK0UHAN+lgDCxBPCylVXGp0zu59Fz5aiGtNXaq3DhIov063MorB+VfufLh3JlF2KdTK3xg==",
          "dev": true
        },
        "wrappy": {
          "version": "1.0.2",
          "resolved": "https://registry.npmjs.org/wrappy/-/wrappy-1.0.2.tgz",
          "integrity": "sha512-l4Sp/DRseor9wL6EvV2+TuQn63dMkPjZ/sp9XkghTEbV9KlPS1xUsZ3u7/IQO4wxtcFB4bgpQPRcR3QCvezPcQ==",
          "dev": true
        },
        "xtend": {
          "version": "4.0.2",
          "resolved": "https://registry.npmjs.org/xtend/-/xtend-4.0.2.tgz",
          "integrity": "sha512-LKYU1iAXJXUgAXn9URjiu+MWhyUXHsvfp7mcuYm9dSUKK0/CjtrUwFAxD82/mCWbtLsGjFIad0wIsod4zrTAEQ==",
          "dev": true
        },
        "yn": {
          "version": "3.1.1",
          "resolved": "https://registry.npmjs.org/yn/-/yn-3.1.1.tgz",
          "integrity": "sha512-Ux4ygGWsu2c7isFWe8Yu1YluJmqVhxqK2cLXNQA5AcC3QfbGNpM7fu0Y8b/z16pXLnFxZYvWhd3fhBY9DLmC6Q==",
          "dev": true
        }
      }
    },
    "tsc-alias": {
      "version": "1.6.11",
      "dev": true,
      "requires": {
        "chokidar": "^3.5.3",
        "commander": "^9.0.0",
        "globby": "^11.0.4",
        "mylas": "^2.1.9",
        "normalize-path": "^3.0.0",
        "plimit-lit": "^1.2.6"
      },
      "dependencies": {
        "@nodelib/fs.scandir": {
          "version": "2.1.5",
          "resolved": "https://registry.npmjs.org/@nodelib/fs.scandir/-/fs.scandir-2.1.5.tgz",
          "integrity": "sha512-vq24Bq3ym5HEQm2NKCr3yXDwjc7vTsEThRDnkp2DK9p1uqLR+DHurm/NOTo0KG7HYHU7eppKZj3MyqYuMBf62g==",
          "dev": true,
          "requires": {
            "@nodelib/fs.stat": "2.0.5",
            "run-parallel": "^1.1.9"
          }
        },
        "@nodelib/fs.stat": {
          "version": "2.0.5",
          "resolved": "https://registry.npmjs.org/@nodelib/fs.stat/-/fs.stat-2.0.5.tgz",
          "integrity": "sha512-RkhPPp2zrqDAQA/2jNhnztcPAlv64XdhIp7a7454A5ovI7Bukxgt7MX7udwAu3zg1DcpPU0rz3VV1SeaqvY4+A==",
          "dev": true
        },
        "@nodelib/fs.walk": {
          "version": "1.2.8",
          "resolved": "https://registry.npmjs.org/@nodelib/fs.walk/-/fs.walk-1.2.8.tgz",
          "integrity": "sha512-oGB+UxlgWcgQkgwo8GcEGwemoTFt3FIO9ababBmaGwXIoBKZ+GTy0pP185beGg7Llih/NSHSV2XAs1lnznocSg==",
          "dev": true,
          "requires": {
            "@nodelib/fs.scandir": "2.1.5",
            "fastq": "^1.6.0"
          }
        },
        "anymatch": {
          "version": "3.1.2",
          "resolved": "https://registry.npmjs.org/anymatch/-/anymatch-3.1.2.tgz",
          "integrity": "sha512-P43ePfOAIupkguHUycrc4qJ9kz8ZiuOUijaETwX7THt0Y/GNK7v0aa8rY816xWjZ7rJdA5XdMcpVFTKMq+RvWg==",
          "dev": true,
          "requires": {
            "normalize-path": "^3.0.0",
            "picomatch": "^2.0.4"
          }
        },
        "array-union": {
          "version": "2.1.0",
          "resolved": "https://registry.npmjs.org/array-union/-/array-union-2.1.0.tgz",
          "integrity": "sha512-HGyxoOTYUyCM6stUe6EJgnd4EoewAI7zMdfqO+kGjnlZmBDz/cR5pf8r/cR4Wq60sL/p0IkcjUEEPwS3GFrIyw==",
          "dev": true
        },
        "binary-extensions": {
          "version": "2.2.0",
          "resolved": "https://registry.npmjs.org/binary-extensions/-/binary-extensions-2.2.0.tgz",
          "integrity": "sha512-jDctJ/IVQbZoJykoeHbhXpOlNBqGNcwXJKJog42E5HDPUwQTSdjCHdihjj0DlnheQ7blbT6dHOafNAiS8ooQKA==",
          "dev": true
        },
        "braces": {
          "version": "3.0.2",
          "resolved": "https://registry.npmjs.org/braces/-/braces-3.0.2.tgz",
          "integrity": "sha512-b8um+L1RzM3WDSzvhm6gIz1yfTbBt6YTlcEKAvsmqCZZFw46z626lVj9j1yEPW33H5H+lBQpZMP1k8l+78Ha0A==",
          "dev": true,
          "requires": {
            "fill-range": "^7.0.1"
          }
        },
        "chokidar": {
          "version": "3.5.3",
          "resolved": "https://registry.npmjs.org/chokidar/-/chokidar-3.5.3.tgz",
          "integrity": "sha512-Dr3sfKRP6oTcjf2JmUmFJfeVMvXBdegxB0iVQ5eb2V10uFJUCAS8OByZdVAyVb8xXNz3GjjTgj9kLWsZTqE6kw==",
          "dev": true,
          "requires": {
            "anymatch": "~3.1.2",
            "braces": "~3.0.2",
            "fsevents": "~2.3.2",
            "glob-parent": "~5.1.2",
            "is-binary-path": "~2.1.0",
            "is-glob": "~4.0.1",
            "normalize-path": "~3.0.0",
            "readdirp": "~3.6.0"
          }
        },
        "commander": {
          "version": "9.4.0",
          "resolved": "https://registry.npmjs.org/commander/-/commander-9.4.0.tgz",
          "integrity": "sha512-sRPT+umqkz90UA8M1yqYfnHlZA7fF6nSphDtxeywPZ49ysjxDQybzk13CL+mXekDRG92skbcqCLVovuCusNmFw==",
          "dev": true
        },
        "dir-glob": {
          "version": "3.0.1",
          "resolved": "https://registry.npmjs.org/dir-glob/-/dir-glob-3.0.1.tgz",
          "integrity": "sha512-WkrWp9GR4KXfKGYzOLmTuGVi1UWFfws377n9cc55/tb6DuqyF6pcQ5AbiHEshaDpY9v6oaSr2XCDidGmMwdzIA==",
          "dev": true,
          "requires": {
            "path-type": "^4.0.0"
          }
        },
        "fast-glob": {
          "version": "3.2.11",
          "resolved": "https://registry.npmjs.org/fast-glob/-/fast-glob-3.2.11.tgz",
          "integrity": "sha512-xrO3+1bxSo3ZVHAnqzyuewYT6aMFHRAd4Kcs92MAonjwQZLsK9d0SF1IyQ3k5PoirxTW0Oe/RqFgMQ6TcNE5Ew==",
          "dev": true,
          "requires": {
            "@nodelib/fs.stat": "^2.0.2",
            "@nodelib/fs.walk": "^1.2.3",
            "glob-parent": "^5.1.2",
            "merge2": "^1.3.0",
            "micromatch": "^4.0.4"
          }
        },
        "fastq": {
          "version": "1.13.0",
          "resolved": "https://registry.npmjs.org/fastq/-/fastq-1.13.0.tgz",
          "integrity": "sha512-YpkpUnK8od0o1hmeSc7UUs/eB/vIPWJYjKck2QKIzAf71Vm1AAQ3EbuZB3g2JIy+pg+ERD0vqI79KyZiB2e2Nw==",
          "dev": true,
          "requires": {
            "reusify": "^1.0.4"
          }
        },
        "fill-range": {
          "version": "7.0.1",
          "resolved": "https://registry.npmjs.org/fill-range/-/fill-range-7.0.1.tgz",
          "integrity": "sha512-qOo9F+dMUmC2Lcb4BbVvnKJxTPjCm+RRpe4gDuGrzkL7mEVl/djYSu2OdQ2Pa302N4oqkSg9ir6jaLWJ2USVpQ==",
          "dev": true,
          "requires": {
            "to-regex-range": "^5.0.1"
          }
        },
        "fsevents": {
          "version": "2.3.2",
          "resolved": "https://registry.npmmirror.com/fsevents/-/fsevents-2.3.2.tgz",
          "integrity": "sha512-xiqMQR4xAeHTuB9uWm+fFRcIOgKBMiOBP+eXiyT7jsgVCq1bkVygt00oASowB7EdtpOHaaPgKt812P9ab+DDKA==",
          "dev": true,
          "optional": true
        },
        "glob-parent": {
          "version": "5.1.2",
          "resolved": "https://registry.npmjs.org/glob-parent/-/glob-parent-5.1.2.tgz",
          "integrity": "sha512-AOIgSQCepiJYwP3ARnGx+5VnTu2HBYdzbGP45eLw1vr3zB3vZLeyed1sC9hnbcOc9/SrMyM5RPQrkGz4aS9Zow==",
          "dev": true,
          "requires": {
            "is-glob": "^4.0.1"
          }
        },
        "globby": {
          "version": "11.1.0",
          "resolved": "https://registry.npmjs.org/globby/-/globby-11.1.0.tgz",
          "integrity": "sha512-jhIXaOzy1sb8IyocaruWSn1TjmnBVs8Ayhcy83rmxNJ8q2uWKCAj3CnJY+KpGSXCueAPc0i05kVvVKtP1t9S3g==",
          "dev": true,
          "requires": {
            "array-union": "^2.1.0",
            "dir-glob": "^3.0.1",
            "fast-glob": "^3.2.9",
            "ignore": "^5.2.0",
            "merge2": "^1.4.1",
            "slash": "^3.0.0"
          }
        },
        "ignore": {
          "version": "5.2.0",
          "resolved": "https://registry.npmjs.org/ignore/-/ignore-5.2.0.tgz",
          "integrity": "sha512-CmxgYGiEPCLhfLnpPp1MoRmifwEIOgjcHXxOBjv7mY96c+eWScsOP9c112ZyLdWHi0FxHjI+4uVhKYp/gcdRmQ==",
          "dev": true
        },
        "is-binary-path": {
          "version": "2.1.0",
          "resolved": "https://registry.npmjs.org/is-binary-path/-/is-binary-path-2.1.0.tgz",
          "integrity": "sha512-ZMERYes6pDydyuGidse7OsHxtbI7WVeUEozgR/g7rd0xUimYNlvZRE/K2MgZTjWy725IfelLeVcEM97mmtRGXw==",
          "dev": true,
          "requires": {
            "binary-extensions": "^2.0.0"
          }
        },
        "is-extglob": {
          "version": "2.1.1",
          "resolved": "https://registry.npmjs.org/is-extglob/-/is-extglob-2.1.1.tgz",
          "integrity": "sha512-SbKbANkN603Vi4jEZv49LeVJMn4yGwsbzZworEoyEiutsN3nJYdbO36zfhGJ6QEDpOZIFkDtnq5JRxmvl3jsoQ==",
          "dev": true
        },
        "is-glob": {
          "version": "4.0.3",
          "resolved": "https://registry.npmjs.org/is-glob/-/is-glob-4.0.3.tgz",
          "integrity": "sha512-xelSayHH36ZgE7ZWhli7pW34hNbNl8Ojv5KVmkJD4hBdD3th8Tfk9vYasLM+mXWOZhFkgZfxhLSnrwRr4elSSg==",
          "dev": true,
          "requires": {
            "is-extglob": "^2.1.1"
          }
        },
        "is-number": {
          "version": "7.0.0",
          "resolved": "https://registry.npmjs.org/is-number/-/is-number-7.0.0.tgz",
          "integrity": "sha512-41Cifkg6e8TylSpdtTpeLVMqvSBEVzTttHvERD741+pnZ8ANv0004MRL43QKPDlK9cGvNp6NZWZUBlbGXYxxng==",
          "dev": true
        },
        "merge2": {
          "version": "1.4.1",
          "resolved": "https://registry.npmjs.org/merge2/-/merge2-1.4.1.tgz",
          "integrity": "sha512-8q7VEgMJW4J8tcfVPy8g09NcQwZdbwFEqhe/WZkoIzjn/3TGDwtOCYtXGxA3O8tPzpczCCDgv+P2P5y00ZJOOg==",
          "dev": true
        },
        "micromatch": {
          "version": "4.0.5",
          "resolved": "https://registry.npmjs.org/micromatch/-/micromatch-4.0.5.tgz",
          "integrity": "sha512-DMy+ERcEW2q8Z2Po+WNXuw3c5YaUSFjAO5GsJqfEl7UjvtIuFKO6ZrKvcItdy98dwFI2N1tg3zNIdKaQT+aNdA==",
          "dev": true,
          "requires": {
            "braces": "^3.0.2",
            "picomatch": "^2.3.1"
          }
        },
        "mylas": {
          "version": "2.1.11",
          "resolved": "https://registry.npmjs.org/mylas/-/mylas-2.1.11.tgz",
          "integrity": "sha512-krnPUl3n9/k52FGCltWMYcqp9SttxjRJEy0sWLk+g7mIa7wnZrmNSZ40Acx7ghzRSOsxt2rEqMbaq4jWlnTDKg==",
          "dev": true
        },
        "normalize-path": {
          "version": "3.0.0",
          "resolved": "https://registry.npmjs.org/normalize-path/-/normalize-path-3.0.0.tgz",
          "integrity": "sha512-6eZs5Ls3WtCisHWp9S2GUy8dqkpGi4BVSz3GaqiE6ezub0512ESztXUwUB6C6IKbQkY2Pnb/mD4WYojCRwcwLA==",
          "dev": true
        },
        "path-type": {
          "version": "4.0.0",
          "resolved": "https://registry.npmjs.org/path-type/-/path-type-4.0.0.tgz",
          "integrity": "sha512-gDKb8aZMDeD/tZWs9P6+q0J9Mwkdl6xMV8TjnGP3qJVJ06bdMgkbBlLU8IdfOsIsFz2BW1rNVT3XuNEl8zPAvw==",
          "dev": true
        },
        "picomatch": {
          "version": "2.3.1",
          "resolved": "https://registry.npmjs.org/picomatch/-/picomatch-2.3.1.tgz",
          "integrity": "sha512-JU3teHTNjmE2VCGFzuY8EXzCDVwEqB2a8fsIvwaStHhAWJEeVd1o1QD80CU6+ZdEXXSLbSsuLwJjkCBWqRQUVA==",
          "dev": true
        },
        "plimit-lit": {
          "version": "1.3.0",
          "resolved": "https://registry.npmjs.org/plimit-lit/-/plimit-lit-1.3.0.tgz",
          "integrity": "sha512-63qOoSzggsjBHPVbaKeEtsO8oWTeyJxUfVRLkoc59pRkDiCCLvqn2tCgAkfbejrx+V5zJtlG2wqkk/Db6cwlVQ==",
          "dev": true,
          "requires": {
            "queue-lit": "^1.3.0"
          }
        },
        "queue-lit": {
          "version": "1.3.0",
          "resolved": "https://registry.npmjs.org/queue-lit/-/queue-lit-1.3.0.tgz",
          "integrity": "sha512-3HpQ7bD2ct56qPithPr5IzH2Oij3WVPcgevCJ+mI9HAfVJKCqQ2yiFYgb4AUkLfsCmmbVDy9luvE97Ztzr5eBg==",
          "dev": true
        },
        "queue-microtask": {
          "version": "1.2.3",
          "resolved": "https://registry.npmjs.org/queue-microtask/-/queue-microtask-1.2.3.tgz",
          "integrity": "sha512-NuaNSa6flKT5JaSYQzJok04JzTL1CA6aGhv5rfLW3PgqA+M2ChpZQnAC8h8i4ZFkBS8X5RqkDBHA7r4hej3K9A==",
          "dev": true
        },
        "readdirp": {
          "version": "3.6.0",
          "resolved": "https://registry.npmjs.org/readdirp/-/readdirp-3.6.0.tgz",
          "integrity": "sha512-hOS089on8RduqdbhvQ5Z37A0ESjsqz6qnRcffsMU3495FuTdqSm+7bhJ29JvIOsBDEEnan5DPu9t3To9VRlMzA==",
          "dev": true,
          "requires": {
            "picomatch": "^2.2.1"
          }
        },
        "reusify": {
          "version": "1.0.4",
          "resolved": "https://registry.npmjs.org/reusify/-/reusify-1.0.4.tgz",
          "integrity": "sha512-U9nH88a3fc/ekCF1l0/UP1IosiuIjyTh7hBvXVMHYgVcfGvt897Xguj2UOLDeI5BG2m7/uwyaLVT6fbtCwTyzw==",
          "dev": true
        },
        "run-parallel": {
          "version": "1.2.0",
          "resolved": "https://registry.npmjs.org/run-parallel/-/run-parallel-1.2.0.tgz",
          "integrity": "sha512-5l4VyZR86LZ/lDxZTR6jqL8AFE2S0IFLMP26AbjsLVADxHdhB/c0GUsH+y39UfCi3dzz8OlQuPmnaJOMoDHQBA==",
          "dev": true,
          "requires": {
            "queue-microtask": "^1.2.2"
          }
        },
        "slash": {
          "version": "3.0.0",
          "resolved": "https://registry.npmjs.org/slash/-/slash-3.0.0.tgz",
          "integrity": "sha512-g9Q1haeby36OSStwb4ntCGGGaKsaVSjQ68fBxoQcutl5fS1vuY18H3wSt3jFyFtrkx+Kz0V1G85A4MyAdDMi2Q==",
          "dev": true
        },
        "to-regex-range": {
          "version": "5.0.1",
          "resolved": "https://registry.npmjs.org/to-regex-range/-/to-regex-range-5.0.1.tgz",
          "integrity": "sha512-65P7iz6X5yEr1cwcgvQxbbIw7Uk3gOy5dIdtZ4rDveLqhrdJP+Li/Hx6tyK0NEb+2GCyneCMJiGqrADCSNk8sQ==",
          "dev": true,
          "requires": {
            "is-number": "^7.0.0"
          }
        }
      }
    }
  }
}
